
Microsoft Visual Studio Solution File, Format Version 12.00
# Visual Studio Version 17
VisualStudioVersion = 17.7.34024.191
MinimumVisualStudioVersion = 10.0.40219.1
Project("{9A19103F-16F7-4668-BE54-9A1E7A4F7556}") = "PokeAPI", "PokeAPI\PokeAPI.csproj", "{43ED4FC7-26FF-401D-8DEA-E9AEA66440DD}"
EndProject
Project("{E53339B2-1760-4266-BCC7-CA923CBCF16C}") = "docker-compose", "docker-compose.dcproj", "{10D86E69-F916-49AC-B190-B9768193D1D4}"
EndProject
Global
	GlobalSection(SolutionConfigurationPlatforms) = preSolution
		Debug|Any CPU = Debug|Any CPU
		Release|Any CPU = Release|Any CPU
	EndGlobalSection
	GlobalSection(ProjectConfigurationPlatforms) = postSolution
		{43ED4FC7-26FF-401D-8DEA-E9AEA66440DD}.Debug|Any CPU.ActiveCfg = Debug|Any CPU
		{43ED4FC7-26FF-401D-8DEA-E9AEA66440DD}.Debug|Any CPU.Build.0 = Debug|Any CPU
		{43ED4FC7-26FF-401D-8DEA-E9AEA66440DD}.Release|Any CPU.ActiveCfg = Release|Any CPU
		{43ED4FC7-26FF-401D-8DEA-E9AEA66440DD}.Release|Any CPU.Build.0 = Release|Any CPU
		{10D86E69-F916-49AC-B190-B9768193D1D4}.Debug|Any CPU.ActiveCfg = Debug|Any CPU
		{10D86E69-F916-49AC-B190-B9768193D1D4}.Debug|Any CPU.Build.0 = Debug|Any CPU
		{10D86E69-F916-49AC-B190-B9768193D1D4}.Release|Any CPU.ActiveCfg = Release|Any CPU
		{10D86E69-F916-49AC-B190-B9768193D1D4}.Release|Any CPU.Build.0 = Release|Any CPU
	EndGlobalSection
	GlobalSection(SolutionProperties) = preSolution
		HideSolutionNode = FALSE
	EndGlobalSection
	GlobalSection(ExtensibilityGlobals) = postSolution
		SolutionGuid = {A561F184-467E-443E-A30A-29A355BF5B9A}
	EndGlobalSection
EndGlobal
